PODS:
  - AVOSCloud (3.1.3.3)
  - KVOController (1.0.3)
  - Masonry (0.6.2)
  - PupaFoundation (1.1.6)
  - YAUIKit (2.5.10):
    - KVOController
    - Masonry

DEPENDENCIES:
  - AVOSCloud (~> 3.1.3.3)
  - PupaFoundation (from `https://github.com/candyan/PupaFoundation.git`)
  - YAUIKit (from `https://github.com/candyan/YAUIKit.git`, tag `2.5.10`)

EXTERNAL SOURCES:
  PupaFoundation:
    :git: https://github.com/candyan/PupaFoundation.git
  YAUIKit:
    :git: https://github.com/candyan/YAUIKit.git
    :tag: 2.5.10

CHECKOUT OPTIONS:
  PupaFoundation:
    :commit: c717670dab6a2bb51ddca69fc58e8d0fcf3d6b32
    :git: https://github.com/candyan/PupaFoundation.git
  YAUIKit:
    :git: https://github.com/candyan/YAUIKit.git
    :tag: 2.5.10

SPEC CHECKSUMS:
  AVOSCloud: f561a1938da652fa5b112cd45960f1e342a3dca4
  KVOController: 9fd8f0343670994e4b6f9f0b31f5a45663f3e1cf
  Masonry: 362e8a1cc0beada4a4c4832d5e863da2a51533be
  PupaFoundation: 2c132c6f43485e7cecf3b64ea0725274e64041b1
  YAUIKit: 8099ef67bfe00ffcb0cf2c892d3e7be55a5929b5

COCOAPODS: 0.38.2
